{
  "object": {
    "pins": [
      {
        "package": "BigInt",
        "repositoryURL": "https://github.com/attaswift/BigInt.git",
        "state": {
          "branch": null,
          "revision": "114343a705df4725dfe7ab8a2a326b8883cfd79c",
          "version": "5.5.1"
        }
      },
      {
        "package": "Flow",
        "repositoryURL": "https://github.com/Outblock/flow-swift",
        "state": {
          "branch": null,
          "revision": "94ccabc5267cdc641f9f7179a6e4d550215eacff",
          "version": "0.4.2"
        }
      },
      {
        "package": "KeychainAccess",
        "repositoryURL": "https://github.com/kishikawakatsumi/KeychainAccess",
        "state": {
          "branch": null,
          "revision": "84e546727d66f1adc5439debad16270d0fdd04e7",
          "version": "4.2.2"
        }
      },
      {
        "package": "Starscream",
        "repositoryURL": "https://github.com/daltoniam/Starscream",
        "state": {
          "branch": null,
          "revision": "c6bfd1af48efcc9a9ad203665db12375ba6b145a",
          "version": "4.0.8"
        }
      },
      {
        "package": "WalletCore",
        "repositoryURL": "https://github.com/trustwallet/wallet-core",
        "state": {
          "branch": null,
          "revision": "a75b1f1e159ca0300814c34a881872d8574c78ba",
          "version": "4.3.2"
        }
      }
    ]
  },
  "version": 1
}
