{
  "object": {
    "pins": [
      {
        "package": "BigInt",
        "repositoryURL": "https://github.com/attaswift/BigInt.git",
        "state": {
          "branch": null,
          "revision": "114343a705df4725dfe7ab8a2a326b8883cfd79c",
          "version": "5.5.1"
        }
      },
      {
        "package": "Flow",
        "repositoryURL": "https://github.com/Outblock/flow-swift",
        "state": {
          "branch": null,
          "revision": "abeb65af3efc683d797c1e3ce9d8eb4e633c31ce",
          "version": null
        }
      },
      {
        "package": "KeychainAccess",
        "repositoryURL": "https://github.com/kishikawakatsumi/KeychainAccess",
        "state": {
          "branch": null,
          "revision": "84e546727d66f1adc5439debad16270d0fdd04e7",
          "version": "4.2.2"
        }
      },
      {
        "package": "Starscream",
        "repositoryURL": "https://github.com/daltoniam/Starscream",
        "state": {
          "branch": null,
          "revision": "a063fda2b8145a231953c20e7a646be254365396",
          "version": "3.1.2"
        }
      },
      {
        "package": "WalletCore",
        "repositoryURL": "https://github.com/trustwallet/wallet-core",
        "state": {
          "branch": null,
          "revision": "a75b1f1e159ca0300814c34a881872d8574c78ba",
          "version": "4.3.2"
        }
      }
    ]
  },
  "version": 1
}
